
Microsoft Visual Studio Solution File, Format Version 11.00
# Visual Studio 2010
Project("{FAE04EC0-301F-11D3-BF4B-00C04F79EFBC}") = "Assembly-CSharp-firstpass", "Assembly-CSharp-firstpass.csproj", "{3CB8979F-9310-C8D7-4BB2-7BE995A75568}"
EndProject
Project("{FAE04EC0-301F-11D3-BF4B-00C04F79EFBC}") = "Assembly-CSharp", "Assembly-CSharp.csproj", "{C0525DF0-970F-8ED5-1534-54BF8EF40406}"
EndProject
Project("{FAE04EC0-301F-11D3-BF4B-00C04F79EFBC}") = "Assembly-CSharp-Editor-firstpass", "Assembly-CSharp-Editor-firstpass.csproj", "{238D7825-45A7-ACB2-529C-007EF8047B52}"
EndProject
Project("{FAE04EC0-301F-11D3-BF4B-00C04F79EFBC}") = "Assembly-CSharp-Editor", "Assembly-CSharp-Editor.csproj", "{88DFF7C2-25E0-9F73-5E06-736DC11441D7}"
EndProject
Global
	GlobalSection(SolutionConfigurationPlatforms) = preSolution
		Debug|Any CPU = Debug|Any CPU
		Release|Any CPU = Release|Any CPU
	EndGlobalSection
	GlobalSection(ProjectConfigurationPlatforms) = postSolution
		{3CB8979F-9310-C8D7-4BB2-7BE995A75568}.Debug|Any CPU.ActiveCfg = Debug|Any CPU
		{3CB8979F-9310-C8D7-4BB2-7BE995A75568}.Debug|Any CPU.Build.0 = Debug|Any CPU
		{3CB8979F-9310-C8D7-4BB2-7BE995A75568}.Release|Any CPU.ActiveCfg = Release|Any CPU
		{3CB8979F-9310-C8D7-4BB2-7BE995A75568}.Release|Any CPU.Build.0 = Release|Any CPU
		{C0525DF0-970F-8ED5-1534-54BF8EF40406}.Debug|Any CPU.ActiveCfg = Debug|Any CPU
		{C0525DF0-970F-8ED5-1534-54BF8EF40406}.Debug|Any CPU.Build.0 = Debug|Any CPU
		{C0525DF0-970F-8ED5-1534-54BF8EF40406}.Release|Any CPU.ActiveCfg = Release|Any CPU
		{C0525DF0-970F-8ED5-1534-54BF8EF40406}.Release|Any CPU.Build.0 = Release|Any CPU
		{238D7825-45A7-ACB2-529C-007EF8047B52}.Debug|Any CPU.ActiveCfg = Debug|Any CPU
		{238D7825-45A7-ACB2-529C-007EF8047B52}.Debug|Any CPU.Build.0 = Debug|Any CPU
		{238D7825-45A7-ACB2-529C-007EF8047B52}.Release|Any CPU.ActiveCfg = Release|Any CPU
		{238D7825-45A7-ACB2-529C-007EF8047B52}.Release|Any CPU.Build.0 = Release|Any CPU
		{88DFF7C2-25E0-9F73-5E06-736DC11441D7}.Debug|Any CPU.ActiveCfg = Debug|Any CPU
		{88DFF7C2-25E0-9F73-5E06-736DC11441D7}.Debug|Any CPU.Build.0 = Debug|Any CPU
		{88DFF7C2-25E0-9F73-5E06-736DC11441D7}.Release|Any CPU.ActiveCfg = Release|Any CPU
		{88DFF7C2-25E0-9F73-5E06-736DC11441D7}.Release|Any CPU.Build.0 = Release|Any CPU
	EndGlobalSection
	GlobalSection(SolutionProperties) = preSolution
		HideSolutionNode = FALSE
	EndGlobalSection
EndGlobal
